
Microsoft Visual Studio Solution File, Format Version 12.00
# Visual Studio 2012
Project("{FAE04EC0-301F-11D3-BF4B-00C04F79EFBC}") = "DemoTestProject", "DemoTestProject\DemoTestProject.csproj", "{949CAAEB-CCE1-4779-B30F-75EA392DF78E}"
EndProject
Project("{FAE04EC0-301F-11D3-BF4B-00C04F79EFBC}") = "SimpleLib", "SimpleLib\SimpleLib.csproj", "{1389DD2F-D5F1-4B9F-B276-CAF8262BC519}"
EndProject
Global
	GlobalSection(SolutionConfigurationPlatforms) = preSolution
		Debug|Any CPU = Debug|Any CPU
		Release|Any CPU = Release|Any CPU
	EndGlobalSection
	GlobalSection(ProjectConfigurationPlatforms) = postSolution
		{1389DD2F-D5F1-4B9F-B276-CAF8262BC519}.Debug|Any CPU.ActiveCfg = Debug|Any CPU
		{1389DD2F-D5F1-4B9F-B276-CAF8262BC519}.Debug|Any CPU.Build.0 = Debug|Any CPU
		{1389DD2F-D5F1-4B9F-B276-CAF8262BC519}.Release|Any CPU.ActiveCfg = Release|Any CPU
		{1389DD2F-D5F1-4B9F-B276-CAF8262BC519}.Release|Any CPU.Build.0 = Release|Any CPU
		{949CAAEB-CCE1-4779-B30F-75EA392DF78E}.Debug|Any CPU.ActiveCfg = Debug|Any CPU
		{949CAAEB-CCE1-4779-B30F-75EA392DF78E}.Debug|Any CPU.Build.0 = Debug|Any CPU
		{949CAAEB-CCE1-4779-B30F-75EA392DF78E}.Release|Any CPU.ActiveCfg = Release|Any CPU
		{949CAAEB-CCE1-4779-B30F-75EA392DF78E}.Release|Any CPU.Build.0 = Release|Any CPU
	EndGlobalSection
	GlobalSection(SolutionProperties) = preSolution
		HideSolutionNode = FALSE
	EndGlobalSection
EndGlobal
